// !$*UTF8*$!
{
	archiveVersion = 1;
	classes = {
	};
	objectVersion = 46;
	objects = {

/* Begin PBXBuildFile section */
		F5BCDBF31B93A7930046FBD4 /* AppDelegate.swift in Sources */ = {isa = PBXBuildFile; fileRef = F5BCDBF21B93A7930046FBD4 /* AppDelegate.swift */; };
		F5BCDBF51B93A7930046FBD4 /* ViewController.swift in Sources */ = {isa = PBXBuildFile; fileRef = F5BCDBF41B93A7930046FBD4 /* ViewController.swift */; };
		F5BCDBF81B93A7930046FBD4 /* Main.storyboard in Resources */ = {isa = PBXBuildFile; fileRef = F5BCDBF61B93A7930046FBD4 /* Main.storyboard */; };
		F5BCDBFA1B93A7930046FBD4 /* Images.xcassets in Resources */ = {isa = PBXBuildFile; fileRef = F5BCDBF91B93A7930046FBD4 /* Images.xcassets */; };
		F5BCDBFD1B93A7930046FBD4 /* LaunchScreen.xib in Resources */ = {isa = PBXBuildFile; fileRef = F5BCDBFB1B93A7930046FBD4 /* LaunchScreen.xib */; };
		F5BCDC091B93A7930046FBD4 /* TipperTests.swift in Sources */ = {isa = PBXBuildFile; fileRef = F5BCDC081B93A7930046FBD4 /* TipperTests.swift */; };
/* End PBXBuildFile section */

/* Begin PBXContainerItemProxy section */
		F5BCDC031B93A7930046FBD4 /* PBXContainerItemProxy */ = {
			isa = PBXContainerItemProxy;
			containerPortal = F5BCDBE51B93A7930046FBD4 /* Project object */;
			proxyType = 1;
			remoteGlobalIDString = F5BCDBEC1B93A7930046FBD4;
			remoteInfo = Tipper;
		};
/* End PBXContainerItemProxy section */

/* Begin PBXFileReference section */
		F5BCDBED1B93A7930046FBD4 /* Tipper.app */ = {isa = PBXFileReference; explicitFileType = wrapper.application; includeInIndex = 0; path = Tipper.app; sourceTree = BUILT_PRODUCTS_DIR; };
		F5BCDBF11B93A7930046FBD4 /* Info.plist */ = {isa = PBXFileReference; lastKnownFileType = text.plist.xml; path = Info.plist; sourceTree = "<group>"; };
		F5BCDBF21B93A7930046FBD4 /* AppDelegate.swift */ = {isa = PBXFileReference; lastKnownFileType = sourcecode.swift; path = AppDelegate.swift; sourceTree = "<group>"; };
		F5BCDBF41B93A7930046FBD4 /* ViewController.swift */ = {isa = PBXFileReference; lastKnownFileType = sourcecode.swift; path = ViewController.swift; sourceTree = "<group>"; };
		F5BCDBF71B93A7930046FBD4 /* Base */ = {isa = PBXFileReference; lastKnownFileType = file.storyboard; name = Base; path = Base.lproj/Main.storyboard; sourceTree = "<group>"; };
		F5BCDBF91B93A7930046FBD4 /* Images.xcassets */ = {isa = PBXFileReference; lastKnownFileType = folder.assetcatalog; path = Images.xcassets; sourceTree = "<group>"; };
		F5BCDBFC1B93A7930046FBD4 /* Base */ = {isa = PBXFileReference; lastKnownFileType = file.xib; name = Base; path = Base.lproj/LaunchScreen.xib; sourceTree = "<group>"; };
		F5BCDC021B93A7930046FBD4 /* TipperTests.xctest */ = {isa = PBXFileReference; explicitFileType = wrapper.cfbundle; includeInIndex = 0; path = TipperTests.xctest; sourceTree = BUILT_PRODUCTS_DIR; };
		F5BCDC071B93A7930046FBD4 /* Info.plist */ = {isa = PBXFileReference; lastKnownFileType = text.plist.xml; path = Info.plist; sourceTree = "<group>"; };
		F5BCDC081B93A7930046FBD4 /* TipperTests.swift */ = {isa = PBXFileReference; lastKnownFileType = sourcecode.swift; path = TipperTests.swift; sourceTree = "<group>"; };
/* End PBXFileReference section */

/* Begin PBXFrameworksBuildPhase section */
		F5BCDBEA1B93A7930046FBD4 /* Frameworks */ = {
			isa = PBXFrameworksBuildPhase;
			buildActionMask = 2147483647;
			files = (
			);
			runOnlyForDeploymentPostprocessing = 0;
		};
		F5BCDBFF1B93A7930046FBD4 /* Frameworks */ = {
			isa = PBXFrameworksBuildPhase;
			buildActionMask = 2147483647;
			files = (
			);
			runOnlyForDeploymentPostprocessing = 0;
		};
/* End PBXFrameworksBuildPhase section */

/* Begin PBXGroup section */
		F5BCDBE41B93A7930046FBD4 = {
			isa = PBXGroup;
			children = (
				F5BCDBEF1B93A7930046FBD4 /* Tipper */,
				F5BCDC051B93A7930046FBD4 /* TipperTests */,
				F5BCDBEE1B93A7930046FBD4 /* Products */,
			);
			sourceTree = "<group>";
		};
		F5BCDBEE1B93A7930046FBD4 /* Products */ = {
			isa = PBXGroup;
			children = (
				F5BCDBED1B93A7930046FBD4 /* Tipper.app */,
				F5BCDC021B93A7930046FBD4 /* TipperTests.xctest */,
			);
			name = Products;
			sourceTree = "<group>";
		};
		F5BCDBEF1B93A7930046FBD4 /* Tipper */ = {
			isa = PBXGroup;
			children = (
				F5BCDBF21B93A7930046FBD4 /* AppDelegate.swift */,
				F5BCDBF41B93A7930046FBD4 /* ViewController.swift */,
				F5BCDBF61B93A7930046FBD4 /* Main.storyboard */,
				F5BCDBF91B93A7930046FBD4 /* Images.xcassets */,
				F5BCDBFB1B93A7930046FBD4 /* LaunchScreen.xib */,
				F5BCDBF01B93A7930046FBD4 /* Supporting Files */,
			);
			path = Tipper;
			sourceTree = "<group>";
		};
		F5BCDBF01B93A7930046FBD4 /* Supporting Files */ = {
			isa = PBXGroup;
			children = (
				F5BCDBF11B93A7930046FBD4 /* Info.plist */,
			);
			name = "Supporting Files";
			sourceTree = "<group>";
		};
		F5BCDC051B93A7930046FBD4 /* TipperTests */ = {
			isa = PBXGroup;
			children = (
				F5BCDC081B93A7930046FBD4 /* TipperTests.swift */,
				F5BCDC061B93A7930046FBD4 /* Supporting Files */,
			);
			path = TipperTests;
			sourceTree = "<group>";
		};
		F5BCDC061B93A7930046FBD4 /* Supporting Files */ = {
			isa = PBXGroup;
			children = (
				F5BCDC071B93A7930046FBD4 /* Info.plist */,
			);
			name = "Supporting Files";
			sourceTree = "<group>";
		};
/* End PBXGroup section */

/* Begin PBXNativeTarget section */
		F5BCDBEC1B93A7930046FBD4 /* Tipper */ = {
			isa = PBXNativeTarget;
			buildConfigurationList = F5BCDC0C1B93A7930046FBD4 /* Build configuration list for PBXNativeTarget "Tipper" */;
			buildPhases = (
				F5BCDBE91B93A7930046FBD4 /* Sources */,
				F5BCDBEA1B93A7930046FBD4 /* Frameworks */,
				F5BCDBEB1B93A7930046FBD4 /* Resources */,
			);
			buildRules = (
			);
			dependencies = (
			);
			name = Tipper;
			productName = Tipper;
			productReference = F5BCDBED1B93A7930046FBD4 /* Tipper.app */;
			productType = "com.apple.product-type.application";
		};
		F5BCDC011B93A7930046FBD4 /* TipperTests */ = {
			isa = PBXNativeTarget;
			buildConfigurationList = F5BCDC0F1B93A7930046FBD4 /* Build configuration list for PBXNativeTarget "TipperTests" */;
			buildPhases = (
				F5BCDBFE1B93A7930046FBD4 /* Sources */,
				F5BCDBFF1B93A7930046FBD4 /* Frameworks */,
				F5BCDC001B93A7930046FBD4 /* Resources */,
			);
			buildRules = (
			);
			dependencies = (
				F5BCDC041B93A7930046FBD4 /* PBXTargetDependency */,
			);
			name = TipperTests;
			productName = TipperTests;
			productReference = F5BCDC021B93A7930046FBD4 /* TipperTests.xctest */;
			productType = "com.apple.product-type.bundle.unit-test";
		};
/* End PBXNativeTarget section */

/* Begin PBXProject section */
		F5BCDBE51B93A7930046FBD4 /* Project object */ = {
			isa = PBXProject;
			attributes = {
				LastUpgradeCheck = 0640;
				ORGANIZATIONNAME = "Yinan Qiu";
				TargetAttributes = {
					F5BCDBEC1B93A7930046FBD4 = {
						CreatedOnToolsVersion = 6.4;
					};
					F5BCDC011B93A7930046FBD4 = {
						CreatedOnToolsVersion = 6.4;
						TestTargetID = F5BCDBEC1B93A7930046FBD4;
					};
				};
			};
			buildConfigurationList = F5BCDBE81B93A7930046FBD4 /* Build configuration list for PBXProject "Tipper" */;
			compatibilityVersion = "Xcode 3.2";
			developmentRegion = English;
			hasScannedForEncodings = 0;
			knownRegions = (
				en,
				Base,
			);
			mainGroup = F5BCDBE41B93A7930046FBD4;
			productRefGroup = F5BCDBEE1B93A7930046FBD4 /* Products */;
			projectDirPath = "";
			projectRoot = "";
			targets = (
				F5BCDBEC1B93A7930046FBD4 /* Tipper */,
				F5BCDC011B93A7930046FBD4 /* TipperTests */,
			);
		};
/* End PBXProject section */

/* Begin PBXResourcesBuildPhase section */
		F5BCDBEB1B93A7930046FBD4 /* Resources */ = {
			isa = PBXResourcesBuildPhase;
			buildActionMask = 2147483647;
			files = (
				F5BCDBF81B93A7930046FBD4 /* Main.storyboard in Resources */,
				F5BCDBFD1B93A7930046FBD4 /* LaunchScreen.xib in Resources */,
				F5BCDBFA1B93A7930046FBD4 /* Images.xcassets in Resources */,
			);
			runOnlyForDeploymentPostprocessing = 0;
		};
		F5BCDC001B93A7930046FBD4 /* Resources */ = {
			isa = PBXResourcesBuildPhase;
			buildActionMask = 2147483647;
			files = (
			);
			runOnlyForDeploymentPostprocessing = 0;
		};
/* End PBXResourcesBuildPhase section */

/* Begin PBXSourcesBuildPhase section */
		F5BCDBE91B93A7930046FBD4 /* Sources */ = {
			isa = PBXSourcesBuildPhase;
			buildActionMask = 2147483647;
			files = (
				F5BCDBF51B93A7930046FBD4 /* ViewController.swift in Sources */,
				F5BCDBF31B93A7930046FBD4 /* AppDelegate.swift in Sources */,
			);
			runOnlyForDeploymentPostprocessing = 0;
		};
		F5BCDBFE1B93A7930046FBD4 /* Sources */ = {
			isa = PBXSourcesBuildPhase;
			buildActionMask = 2147483647;
			files = (
				F5BCDC091B93A7930046FBD4 /* TipperTests.swift in Sources */,
			);
			runOnlyForDeploymentPostprocessing = 0;
		};
/* End PBXSourcesBuildPhase section */

/* Begin PBXTargetDependency section */
		F5BCDC041B93A7930046FBD4 /* PBXTargetDependency */ = {
			isa = PBXTargetDependency;
			target = F5BCDBEC1B93A7930046FBD4 /* Tipper */;
			targetProxy = F5BCDC031B93A7930046FBD4 /* PBXContainerItemProxy */;
		};
/* End PBXTargetDependency section */

/* Begin PBXVariantGroup section */
		F5BCDBF61B93A7930046FBD4 /* Main.storyboard */ = {
			isa = PBXVariantGroup;
			children = (
				F5BCDBF71B93A7930046FBD4 /* Base */,
			);
			name = Main.storyboard;
			sourceTree = "<group>";
		};
		F5BCDBFB1B93A7930046FBD4 /* LaunchScreen.xib */ = {
			isa = PBXVariantGroup;
			children = (
				F5BCDBFC1B93A7930046FBD4 /* Base */,
			);
			name = LaunchScreen.xib;
			sourceTree = "<group>";
		};
/* End PBXVariantGroup section */

/* Begin XCBuildConfiguration section */
		F5BCDC0A1B93A7930046FBD4 /* Debug */ = {
			isa = XCBuildConfiguration;
			buildSettings = {
				ALWAYS_SEARCH_USER_PATHS = NO;
				CLANG_CXX_LANGUAGE_STANDARD = "gnu++0x";
				CLANG_CXX_LIBRARY = "libc++";
				CLANG_ENABLE_MODULES = YES;
				CLANG_ENABLE_OBJC_ARC = YES;
				CLANG_WARN_BOOL_CONVERSION = YES;
				CLANG_WARN_CONSTANT_CONVERSION = YES;
				CLANG_WARN_DIRECT_OBJC_ISA_USAGE = YES_ERROR;
				CLANG_WARN_EMPTY_BODY = YES;
				CLANG_WARN_ENUM_CONVERSION = YES;
				CLANG_WARN_INT_CONVERSION = YES;
				CLANG_WARN_OBJC_ROOT_CLASS = YES_ERROR;
				CLANG_WARN_UNREACHABLE_CODE = YES;
				CLANG_WARN__DUPLICATE_METHOD_MATCH = YES;
				"CODE_SIGN_IDENTITY[sdk=iphoneos*]" = "iPhone Developer";
				COPY_PHASE_STRIP = NO;
				DEBUG_INFORMATION_FORMAT = "dwarf-with-dsym";
				ENABLE_STRICT_OBJC_MSGSEND = YES;
				GCC_C_LANGUAGE_STANDARD = gnu99;
				GCC_DYNAMIC_NO_PIC = NO;
				GCC_NO_COMMON_BLOCKS = YES;
				GCC_OPTIMIZATION_LEVEL = 0;
				GCC_PREPROCESSOR_DEFINITIONS = (
					"DEBUG=1",
					"$(inherited)",
				);
				GCC_SYMBOLS_PRIVATE_EXTERN = NO;
				GCC_WARN_64_TO_32_BIT_CONVERSION = YES;
				GCC_WARN_ABOUT_RETURN_TYPE = YES_ERROR;
				GCC_WARN_UNDECLARED_SELECTOR = YES;
				GCC_WARN_UNINITIALIZED_AUTOS = YES_AGGRESSIVE;
				GCC_WARN_UNUSED_FUNCTION = YES;
				GCC_WARN_UNUSED_VARIABLE = YES;
				IPHONEOS_DEPLOYMENT_TARGET = 8.4;
				MTL_ENABLE_DEBUG_INFO = YES;
				ONLY_ACTIVE_ARCH = YES;
				SDKROOT = iphoneos;
				SWIFT_OPTIMIZATION_LEVEL = "-Onone";
			};
			name = Debug;
		};
		F5BCDC0B1B93A7930046FBD4 /* Release */ = {
			isa = XCBuildConfiguration;
			buildSettings = {
				ALWAYS_SEARCH_USER_PATHS = NO;
				CLANG_CXX_LANGUAGE_STANDARD = "gnu++0x";
				CLANG_CXX_LIBRARY = "libc++";
				CLANG_ENABLE_MODULES = YES;
				CLANG_ENABLE_OBJC_ARC = YES;
				CLANG_WARN_BOOL_CONVERSION = YES;
				CLANG_WARN_CONSTANT_CONVERSION = YES;
				CLANG_WARN_DIRECT_OBJC_ISA_USAGE = YES_ERROR;
				CLANG_WARN_EMPTY_BODY = YES;
				CLANG_WARN_ENUM_CONVERSION = YES;
				CLANG_WARN_INT_CONVERSION = YES;
				CLANG_WARN_OBJC_ROOT_CLASS = YES_ERROR;
				CLANG_WARN_UNREACHABLE_CODE = YES;
				CLANG_WARN__DUPLICATE_METHOD_MATCH = YES;
				"CODE_SIGN_IDENTITY[sdk=iphoneos*]" = "iPhone Developer";
				COPY_PHASE_STRIP = NO;
				DEBUG_INFORMATION_FORMAT = "dwarf-with-dsym";
				ENABLE_NS_ASSERTIONS = NO;
				ENABLE_STRICT_OBJC_MSGSEND = YES;
				GCC_C_LANGUAGE_STANDARD = gnu99;
				GCC_NO_COMMON_BLOCKS = YES;
				GCC_WARN_64_TO_32_BIT_CONVERSION = YES;
				GCC_WARN_ABOUT_RETURN_TYPE = YES_ERROR;
				GCC_WARN_UNDECLARED_SELECTOR = YES;
				GCC_WARN_UNINITIALIZED_AUTOS = YES_AGGRESSIVE;
				GCC_WARN_UNUSED_FUNCTION = YES;
				GCC_WARN_UNUSED_VARIABLE = YES;
				IPHONEOS_DEPLOYMENT_TARGET = 8.4;
				MTL_ENABLE_DEBUG_INFO = NO;
				SDKROOT = iphoneos;
				VALIDATE_PRODUCT = YES;
			};
			name = Release;
		};
		F5BCDC0D1B93A7930046FBD4 /* Debug */ = {
			isa = XCBuildConfiguration;
			buildSettings = {
				ASSETCATALOG_COMPILER_APPICON_NAME = AppIcon;
				INFOPLIST_FILE = Tipper/Info.plist;
				LD_RUNPATH_SEARCH_PATHS = "$(inherited) @executable_path/Frameworks";
				PRODUCT_NAME = "$(TARGET_NAME)";
			};
			name = Debug;
		};
		F5BCDC0E1B93A7930046FBD4 /* Release */ = {
			isa = XCBuildConfiguration;
			buildSettings = {
				ASSETCATALOG_COMPILER_APPICON_NAME = AppIcon;
				INFOPLIST_FILE = Tipper/Info.plist;
				LD_RUNPATH_SEARCH_PATHS = "$(inherited) @executable_path/Frameworks";
				PRODUCT_NAME = "$(TARGET_NAME)";
			};
			name = Release;
		};
		F5BCDC101B93A7930046FBD4 /* Debug */ = {
			isa = XCBuildConfiguration;
			buildSettings = {
				BUNDLE_LOADER = "$(TEST_HOST)";
				FRAMEWORK_SEARCH_PATHS = (
					"$(SDKROOT)/Developer/Library/Frameworks",
					"$(inherited)",
				);
				GCC_PREPROCESSOR_DEFINITIONS = (
					"DEBUG=1",
					"$(inherited)",
				);
				INFOPLIST_FILE = TipperTests/Info.plist;
				LD_RUNPATH_SEARCH_PATHS = "$(inherited) @executable_path/Frameworks @loader_path/Frameworks";
				PRODUCT_NAME = "$(TARGET_NAME)";
				TEST_HOST = "$(BUILT_PRODUCTS_DIR)/Tipper.app/Tipper";
			};
			name = Debug;
		};
		F5BCDC111B93A7930046FBD4 /* Release */ = {
			isa = XCBuildConfiguration;
			buildSettings = {
				BUNDLE_LOADER = "$(TEST_HOST)";
				FRAMEWORK_SEARCH_PATHS = (
					"$(SDKROOT)/Developer/Library/Frameworks",
					"$(inherited)",
				);
				INFOPLIST_FILE = TipperTests/Info.plist;
				LD_RUNPATH_SEARCH_PATHS = "$(inherited) @executable_path/Frameworks @loader_path/Frameworks";
				PRODUCT_NAME = "$(TARGET_NAME)";
				TEST_HOST = "$(BUILT_PRODUCTS_DIR)/Tipper.app/Tipper";
			};
			name = Release;
		};
/* End XCBuildConfiguration section */

/* Begin XCConfigurationList section */
		F5BCDBE81B93A7930046FBD4 /* Build configuration list for PBXProject "Tipper" */ = {
			isa = XCConfigurationList;
			buildConfigurations = (
				F5BCDC0A1B93A7930046FBD4 /* Debug */,
				F5BCDC0B1B93A7930046FBD4 /* Release */,
			);
			defaultConfigurationIsVisible = 0;
			defaultConfigurationName = Release;
		};
		F5BCDC0C1B93A7930046FBD4 /* Build configuration list for PBXNativeTarget "Tipper" */ = {
			isa = XCConfigurationList;
			buildConfigurations = (
				F5BCDC0D1B93A7930046FBD4 /* Debug */,
				F5BCDC0E1B93A7930046FBD4 /* Release */,
			);
			defaultConfigurationIsVisible = 0;
		};
		F5BCDC0F1B93A7930046FBD4 /* Build configuration list for PBXNativeTarget "TipperTests" */ = {
			isa = XCConfigurationList;
			buildConfigurations = (
				F5BCDC101B93A7930046FBD4 /* Debug */,
				F5BCDC111B93A7930046FBD4 /* Release */,
			);
			defaultConfigurationIsVisible = 0;
		};
/* End XCConfigurationList section */
	};
	rootObject = F5BCDBE51B93A7930046FBD4 /* Project object */;
}
